Microsoft Visual Studio Solution File, Format Version 12.00
# Visual Studio Version 17
VisualStudioVersion = 17.5.2.0
MinimumVisualStudioVersion = 10.0.40219.1
Project("{FAE04EC0-301F-11D3-BF4B-00C04F79EFBC}") = "PalaceBuddy", "PalaceBuddy.csproj", "{9B5E220C-D0A7-8E3E-8126-E134C1E57325}"
EndProject
Global
	GlobalSection(SolutionConfigurationPlatforms) = preSolution
		Debug|Any CPU = Debug|Any CPU
		Release|Any CPU = Release|Any CPU
	EndGlobalSection
	GlobalSection(ProjectConfigurationPlatforms) = postSolution
		{9B5E220C-D0A7-8E3E-8126-E134C1E57325}.Debug|Any CPU.ActiveCfg = Debug|Any CPU
		{9B5E220C-D0A7-8E3E-8126-E134C1E57325}.Debug|Any CPU.Build.0 = Debug|Any CPU
		{9B5E220C-D0A7-8E3E-8126-E134C1E57325}.Release|Any CPU.ActiveCfg = Release|Any CPU
		{9B5E220C-D0A7-8E3E-8126-E134C1E57325}.Release|Any CPU.Build.0 = Release|Any CPU
	EndGlobalSection
	GlobalSection(SolutionProperties) = preSolution
		HideSolutionNode = FALSE
	EndGlobalSection
	GlobalSection(ExtensibilityGlobals) = postSolution
		SolutionGuid = {1CA577BA-E85F-4A3A-8131-5DEF4514FBED}
	EndGlobalSection
EndGlobal
